
Microsoft Visual Studio Solution File, Format Version 12.00
# Visual Studio Version 17
VisualStudioVersion = 17.6.33829.357
MinimumVisualStudioVersion = 10.0.40219.1
Project("{9A19103F-16F7-4668-BE54-9A1E7A4F7556}") = "dotnetWebService", "dotnetWebService.csproj", "{DB4DE59F-A8C8-473F-B2EE-3358BFE1E287}"
EndProject
Project("{2150E333-8FDC-42A3-9474-1A3956D46DE8}") = "DataBase_Script", "DataBase_Script", "{C331FFEE-98C6-439C-843E-9BDB262A3669}"
	ProjectSection(SolutionItems) = preProject
		DBSCRIPT.sql = DBSCRIPT.sql
	EndProjectSection
EndProject
Global
	GlobalSection(SolutionConfigurationPlatforms) = preSolution
		Debug|Any CPU = Debug|Any CPU
		Release|Any CPU = Release|Any CPU
	EndGlobalSection
	GlobalSection(ProjectConfigurationPlatforms) = postSolution
		{DB4DE59F-A8C8-473F-B2EE-3358BFE1E287}.Debug|Any CPU.ActiveCfg = Debug|Any CPU
		{DB4DE59F-A8C8-473F-B2EE-3358BFE1E287}.Debug|Any CPU.Build.0 = Debug|Any CPU
		{DB4DE59F-A8C8-473F-B2EE-3358BFE1E287}.Release|Any CPU.ActiveCfg = Release|Any CPU
		{DB4DE59F-A8C8-473F-B2EE-3358BFE1E287}.Release|Any CPU.Build.0 = Release|Any CPU
	EndGlobalSection
	GlobalSection(SolutionProperties) = preSolution
		HideSolutionNode = FALSE
	EndGlobalSection
	GlobalSection(ExtensibilityGlobals) = postSolution
		SolutionGuid = {AC12FA43-7700-497A-ADB0-91025CEEAAD0}
	EndGlobalSection
EndGlobal
